
Microsoft Visual Studio Solution File, Format Version 12.00
# Visual Studio Version 16
VisualStudioVersion = 16.0.31402.337
MinimumVisualStudioVersion = 10.0.40219.1
Project("{FAE04EC0-301F-11D3-BF4B-00C04F79EFBC}") = "ServiceCore", "Service\ServiceCore.csproj", "{C54682A5-2908-4360-9B1E-D5C3856D6C9D}"
EndProject
Global
	GlobalSection(SolutionConfigurationPlatforms) = preSolution
		Debug|Any CPU = Debug|Any CPU
		Release|Any CPU = Release|Any CPU
	EndGlobalSection
	GlobalSection(ProjectConfigurationPlatforms) = postSolution
		{C54682A5-2908-4360-9B1E-D5C3856D6C9D}.Debug|Any CPU.ActiveCfg = Debug|Any CPU
		{C54682A5-2908-4360-9B1E-D5C3856D6C9D}.Debug|Any CPU.Build.0 = Debug|Any CPU
		{C54682A5-2908-4360-9B1E-D5C3856D6C9D}.Release|Any CPU.ActiveCfg = Release|Any CPU
		{C54682A5-2908-4360-9B1E-D5C3856D6C9D}.Release|Any CPU.Build.0 = Release|Any CPU
	EndGlobalSection
	GlobalSection(SolutionProperties) = preSolution
		HideSolutionNode = FALSE
	EndGlobalSection
	GlobalSection(ExtensibilityGlobals) = postSolution
		SolutionGuid = {D94259DA-5A80-4784-9ED6-8CB2D9855670}
	EndGlobalSection
EndGlobal
